
Microsoft Visual Studio Solution File, Format Version 12.00
# Visual Studio Version 17
VisualStudioVersion = 17.5.002.0
MinimumVisualStudioVersion = 10.0.40219.1
Project("{9A19103F-16F7-4668-BE54-9A1E7A4F7556}") = "LeoPasswordManagerAPI", "LeoPasswordManagerAPI.csproj", "{9D2B5F91-1546-43F8-BC5F-EDD0E39924C4}"
EndProject
Global
	GlobalSection(SolutionConfigurationPlatforms) = preSolution
		Debug|Any CPU = Debug|Any CPU
		Release|Any CPU = Release|Any CPU
	EndGlobalSection
	GlobalSection(ProjectConfigurationPlatforms) = postSolution
		{9D2B5F91-1546-43F8-BC5F-EDD0E39924C4}.Debug|Any CPU.ActiveCfg = Debug|Any CPU
		{9D2B5F91-1546-43F8-BC5F-EDD0E39924C4}.Debug|Any CPU.Build.0 = Debug|Any CPU
		{9D2B5F91-1546-43F8-BC5F-EDD0E39924C4}.Release|Any CPU.ActiveCfg = Release|Any CPU
		{9D2B5F91-1546-43F8-BC5F-EDD0E39924C4}.Release|Any CPU.Build.0 = Release|Any CPU
	EndGlobalSection
	GlobalSection(SolutionProperties) = preSolution
		HideSolutionNode = FALSE
	EndGlobalSection
	GlobalSection(ExtensibilityGlobals) = postSolution
		SolutionGuid = {B0E376A8-D6C4-41B3-92E5-4D0DC33B81E9}
	EndGlobalSection
EndGlobal
